
Microsoft Visual Studio Solution File, Format Version 12.00
Project("{FAE04EC0-301F-11D3-BF4B-00C04F79EFBC}") = "LabTestBrowser.Core", "LabTestBrowser\src\LabTestBrowser.Core\LabTestBrowser.Core.csproj", "{A44670EC-43CE-4BCC-BE05-850C34A527C9}"
EndProject
Project("{FAE04EC0-301F-11D3-BF4B-00C04F79EFBC}") = "LabTestBrowser.Infrastructure", "LabTestBrowser\src\LabTestBrowser.Infrastructure\LabTestBrowser.Infrastructure.csproj", "{F17B59CE-9576-4B34-809E-9AB6FD76BABD}"
EndProject
Project("{FAE04EC0-301F-11D3-BF4B-00C04F79EFBC}") = "LabTestBrowser.UseCases", "LabTestBrowser\src\LabTestBrowser.UseCases\LabTestBrowser.UseCases.csproj", "{DB6B8AD2-A502-4843-A14A-16D9F744ECD4}"
EndProject
Project("{FAE04EC0-301F-11D3-BF4B-00C04F79EFBC}") = "LabTestBrowser.Web", "LabTestBrowser\src\LabTestBrowser.Web\LabTestBrowser.Web.csproj", "{4715D87B-6269-46AA-AE6C-0A707B820603}"
EndProject
Project("{FAE04EC0-301F-11D3-BF4B-00C04F79EFBC}") = "LabTestBrowser.FunctionalTests", "LabTestBrowser\tests\LabTestBrowser.FunctionalTests\LabTestBrowser.FunctionalTests.csproj", "{7580C39D-1EEE-4D96-A116-5033A3376EEC}"
EndProject
Project("{FAE04EC0-301F-11D3-BF4B-00C04F79EFBC}") = "LabTestBrowser.IntegrationTests", "LabTestBrowser\tests\LabTestBrowser.IntegrationTests\LabTestBrowser.IntegrationTests.csproj", "{A7F39242-7B91-4BCA-824F-E8A35A0E40DB}"
EndProject
Project("{FAE04EC0-301F-11D3-BF4B-00C04F79EFBC}") = "LabTestBrowser.UnitTests", "LabTestBrowser\tests\LabTestBrowser.UnitTests\LabTestBrowser.UnitTests.csproj", "{71A6544D-31D7-47F9-8AB1-3F3EF3F0CABC}"
EndProject
Project("{FAE04EC0-301F-11D3-BF4B-00C04F79EFBC}") = "LabTestBrowser.Desktop", "LabTestBrowser\src\LabTestBrowser.Desktop\LabTestBrowser.Desktop.csproj", "{0FF6198A-0016-452D-867A-5C1D45D0EF03}"
EndProject
Project("{FAE04EC0-301F-11D3-BF4B-00C04F79EFBC}") = "LabTestBrowser.Urit5160", "LabTestBrowser\simulators\LabTestBrowser.Urit5160\LabTestBrowser.Urit5160.csproj", "{0727742E-04BF-41A5-9680-F46C6CD51E05}"
EndProject
Global
	GlobalSection(SolutionConfigurationPlatforms) = preSolution
		Debug|Any CPU = Debug|Any CPU
		Release|Any CPU = Release|Any CPU
	EndGlobalSection
	GlobalSection(ProjectConfigurationPlatforms) = postSolution
		{A44670EC-43CE-4BCC-BE05-850C34A527C9}.Debug|Any CPU.ActiveCfg = Debug|Any CPU
		{A44670EC-43CE-4BCC-BE05-850C34A527C9}.Debug|Any CPU.Build.0 = Debug|Any CPU
		{A44670EC-43CE-4BCC-BE05-850C34A527C9}.Release|Any CPU.ActiveCfg = Release|Any CPU
		{A44670EC-43CE-4BCC-BE05-850C34A527C9}.Release|Any CPU.Build.0 = Release|Any CPU
		{F17B59CE-9576-4B34-809E-9AB6FD76BABD}.Debug|Any CPU.ActiveCfg = Debug|Any CPU
		{F17B59CE-9576-4B34-809E-9AB6FD76BABD}.Debug|Any CPU.Build.0 = Debug|Any CPU
		{F17B59CE-9576-4B34-809E-9AB6FD76BABD}.Release|Any CPU.ActiveCfg = Release|Any CPU
		{F17B59CE-9576-4B34-809E-9AB6FD76BABD}.Release|Any CPU.Build.0 = Release|Any CPU
		{DB6B8AD2-A502-4843-A14A-16D9F744ECD4}.Debug|Any CPU.ActiveCfg = Debug|Any CPU
		{DB6B8AD2-A502-4843-A14A-16D9F744ECD4}.Debug|Any CPU.Build.0 = Debug|Any CPU
		{DB6B8AD2-A502-4843-A14A-16D9F744ECD4}.Release|Any CPU.ActiveCfg = Release|Any CPU
		{DB6B8AD2-A502-4843-A14A-16D9F744ECD4}.Release|Any CPU.Build.0 = Release|Any CPU
		{4715D87B-6269-46AA-AE6C-0A707B820603}.Debug|Any CPU.ActiveCfg = Debug|Any CPU
		{4715D87B-6269-46AA-AE6C-0A707B820603}.Debug|Any CPU.Build.0 = Debug|Any CPU
		{4715D87B-6269-46AA-AE6C-0A707B820603}.Release|Any CPU.ActiveCfg = Release|Any CPU
		{4715D87B-6269-46AA-AE6C-0A707B820603}.Release|Any CPU.Build.0 = Release|Any CPU
		{7580C39D-1EEE-4D96-A116-5033A3376EEC}.Debug|Any CPU.ActiveCfg = Debug|Any CPU
		{7580C39D-1EEE-4D96-A116-5033A3376EEC}.Debug|Any CPU.Build.0 = Debug|Any CPU
		{7580C39D-1EEE-4D96-A116-5033A3376EEC}.Release|Any CPU.ActiveCfg = Release|Any CPU
		{7580C39D-1EEE-4D96-A116-5033A3376EEC}.Release|Any CPU.Build.0 = Release|Any CPU
		{A7F39242-7B91-4BCA-824F-E8A35A0E40DB}.Debug|Any CPU.ActiveCfg = Debug|Any CPU
		{A7F39242-7B91-4BCA-824F-E8A35A0E40DB}.Debug|Any CPU.Build.0 = Debug|Any CPU
		{A7F39242-7B91-4BCA-824F-E8A35A0E40DB}.Release|Any CPU.ActiveCfg = Release|Any CPU
		{A7F39242-7B91-4BCA-824F-E8A35A0E40DB}.Release|Any CPU.Build.0 = Release|Any CPU
		{71A6544D-31D7-47F9-8AB1-3F3EF3F0CABC}.Debug|Any CPU.ActiveCfg = Debug|Any CPU
		{71A6544D-31D7-47F9-8AB1-3F3EF3F0CABC}.Debug|Any CPU.Build.0 = Debug|Any CPU
		{71A6544D-31D7-47F9-8AB1-3F3EF3F0CABC}.Release|Any CPU.ActiveCfg = Release|Any CPU
		{71A6544D-31D7-47F9-8AB1-3F3EF3F0CABC}.Release|Any CPU.Build.0 = Release|Any CPU
		{0FF6198A-0016-452D-867A-5C1D45D0EF03}.Debug|Any CPU.ActiveCfg = Debug|Any CPU
		{0FF6198A-0016-452D-867A-5C1D45D0EF03}.Debug|Any CPU.Build.0 = Debug|Any CPU
		{0FF6198A-0016-452D-867A-5C1D45D0EF03}.Release|Any CPU.ActiveCfg = Release|Any CPU
		{0FF6198A-0016-452D-867A-5C1D45D0EF03}.Release|Any CPU.Build.0 = Release|Any CPU
		{0727742E-04BF-41A5-9680-F46C6CD51E05}.Debug|Any CPU.ActiveCfg = Debug|Any CPU
		{0727742E-04BF-41A5-9680-F46C6CD51E05}.Debug|Any CPU.Build.0 = Debug|Any CPU
		{0727742E-04BF-41A5-9680-F46C6CD51E05}.Release|Any CPU.ActiveCfg = Release|Any CPU
		{0727742E-04BF-41A5-9680-F46C6CD51E05}.Release|Any CPU.Build.0 = Release|Any CPU
	EndGlobalSection
EndGlobal
